
Microsoft Visual Studio Solution File, Format Version 12.00
# Visual Studio 15
VisualStudioVersion = 15.0.27130.2020
MinimumVisualStudioVersion = 10.0.40219.1
Project("{FAE04EC0-301F-11D3-BF4B-00C04F79EFBC}") = "Tarea4-Ejercicios-Albert", "Tarea4-Ejercicios-Albert\Tarea4-Ejercicios-Albert.csproj", "{D81C0E2A-2776-4211-B331-93F99AC756FD}"
EndProject
Global
	GlobalSection(SolutionConfigurationPlatforms) = preSolution
		Debug|Any CPU = Debug|Any CPU
		Release|Any CPU = Release|Any CPU
	EndGlobalSection
	GlobalSection(ProjectConfigurationPlatforms) = postSolution
		{D81C0E2A-2776-4211-B331-93F99AC756FD}.Debug|Any CPU.ActiveCfg = Debug|Any CPU
		{D81C0E2A-2776-4211-B331-93F99AC756FD}.Debug|Any CPU.Build.0 = Debug|Any CPU
		{D81C0E2A-2776-4211-B331-93F99AC756FD}.Release|Any CPU.ActiveCfg = Release|Any CPU
		{D81C0E2A-2776-4211-B331-93F99AC756FD}.Release|Any CPU.Build.0 = Release|Any CPU
	EndGlobalSection
	GlobalSection(SolutionProperties) = preSolution
		HideSolutionNode = FALSE
	EndGlobalSection
	GlobalSection(ExtensibilityGlobals) = postSolution
		SolutionGuid = {12DBA01C-CC18-4C8F-9466-347BC5796F4E}
	EndGlobalSection
EndGlobal
